
Microsoft Visual Studio Solution File, Format Version 12.00
# Visual Studio Version 16
VisualStudioVersion = 16.0.30611.23
MinimumVisualStudioVersion = 10.0.40219.1
Project("{FAE04EC0-301F-11D3-BF4B-00C04F79EFBC}") = "Lab3", "Lab3\Lab3.csproj", "{78517412-8726-45CA-BF9A-51705EE8603F}"
EndProject
Global
	GlobalSection(SolutionConfigurationPlatforms) = preSolution
		Debug|Any CPU = Debug|Any CPU
		Release|Any CPU = Release|Any CPU
	EndGlobalSection
	GlobalSection(ProjectConfigurationPlatforms) = postSolution
		{78517412-8726-45CA-BF9A-51705EE8603F}.Debug|Any CPU.ActiveCfg = Debug|Any CPU
		{78517412-8726-45CA-BF9A-51705EE8603F}.Debug|Any CPU.Build.0 = Debug|Any CPU
		{78517412-8726-45CA-BF9A-51705EE8603F}.Release|Any CPU.ActiveCfg = Release|Any CPU
		{78517412-8726-45CA-BF9A-51705EE8603F}.Release|Any CPU.Build.0 = Release|Any CPU
	EndGlobalSection
	GlobalSection(SolutionProperties) = preSolution
		HideSolutionNode = FALSE
	EndGlobalSection
	GlobalSection(ExtensibilityGlobals) = postSolution
		SolutionGuid = {F2FE5A85-9F1B-41AA-87DF-4E2E1B718FE9}
	EndGlobalSection
EndGlobal
